
Microsoft Visual Studio Solution File, Format Version 12.00
# Visual Studio Version 16
VisualStudioVersion = 16.0.30128.74
MinimumVisualStudioVersion = 10.0.40219.1
Project("{FAE04EC0-301F-11D3-BF4B-00C04F79EFBC}") = "VirtualHome", "VirtualHome\VirtualHome.csproj", "{04651278-1125-4120-A8CD-DD927A00193A}"
EndProject
Global
	GlobalSection(SolutionConfigurationPlatforms) = preSolution
		Debug|Any CPU = Debug|Any CPU
		Release|Any CPU = Release|Any CPU
	EndGlobalSection
	GlobalSection(ProjectConfigurationPlatforms) = postSolution
		{04651278-1125-4120-A8CD-DD927A00193A}.Debug|Any CPU.ActiveCfg = Debug|Any CPU
		{04651278-1125-4120-A8CD-DD927A00193A}.Debug|Any CPU.Build.0 = Debug|Any CPU
		{04651278-1125-4120-A8CD-DD927A00193A}.Release|Any CPU.ActiveCfg = Release|Any CPU
		{04651278-1125-4120-A8CD-DD927A00193A}.Release|Any CPU.Build.0 = Release|Any CPU
	EndGlobalSection
	GlobalSection(SolutionProperties) = preSolution
		HideSolutionNode = FALSE
	EndGlobalSection
	GlobalSection(ExtensibilityGlobals) = postSolution
		SolutionGuid = {E8FA1AF4-FEC0-4484-84E8-DAC786418C9B}
	EndGlobalSection
EndGlobal
